# THIS IS AN AUTOGENERATED FILE. DO NOT EDIT THIS FILE DIRECTLY.
# yarn lockfile v1


"@opam-alpha/async@>= 113.33.03 < 113.34.00":
  version "113.33.3"
  uid "88c14299b3a5aede906a46c89e7f0aec"
  resolved "@opam-alpha/async@113.33.03"
  dependencies:
    "@opam-alpha/async_extra" ">= 113.33.03 < 113.34.00"
    "@opam-alpha/async_kernel" ">= 113.33.03 < 113.34.00"
    "@opam-alpha/async_unix" ">= 113.33.03 < 113.34.00"
    "@opam-alpha/bin_prot" ">= 113.33.03 < 113.34.00"
    "@opam-alpha/core" ">= 113.33.03 < 113.34.00"
    "@opam-alpha/fieldslib" ">= 113.33.03 < 113.34.00"
    "@opam-alpha/js-build-tools" ">= 113.33.04 < 113.34.00"
    "@opam-alpha/ocamlfind" ">= 1.3.2"
    "@opam-alpha/ppx_assert" ">= 113.33.03 < 113.34.00"
    "@opam-alpha/ppx_bench" ">= 113.33.03 < 113.34.00"
    "@opam-alpha/ppx_driver" ">= 113.33.03 < 113.34.00"
    "@opam-alpha/ppx_expect" ">= 113.33.03 < 113.34.00"
    "@opam-alpha/ppx_inline_test" ">= 113.33.03 < 113.34.00"
    "@opam-alpha/ppx_jane" ">= 113.33.03 < 113.34.00"
    "@opam-alpha/sexplib" ">= 113.33.03 < 113.34.00"
    "@opam-alpha/typerep" ">= 113.33.03 < 113.34.00"
    "@opam-alpha/variantslib" ">= 113.33.03 < 113.34.00"
    opam-installer-bin esy-ocaml/opam-installer-bin
    substs esy-ocaml/substs

"@opam-alpha/async_extra@>= 113.33.03 < 113.34.00":
  version "113.33.3"
  uid "5ae5688e3f7e27c9c4728ea4fb9ad996"
  resolved "@opam-alpha/async_extra@113.33.03"
  dependencies:
    "@opam-alpha/async_kernel" ">= 113.33.03 < 113.34.00"
    "@opam-alpha/async_rpc_kernel" ">= 113.33.03 < 113.34.00"
    "@opam-alpha/async_unix" ">= 113.33.03 < 113.34.00"
    "@opam-alpha/bin_prot" ">= 113.33.03 < 113.34.00"
    "@opam-alpha/core" ">= 113.33.03 < 113.34.00"
    "@opam-alpha/fieldslib" ">= 113.33.03 < 113.34.00"
    "@opam-alpha/js-build-tools" ">= 113.33.04 < 113.34.00"
    "@opam-alpha/ocamlfind" ">= 1.3.2"
    "@opam-alpha/ppx_assert" ">= 113.33.03 < 113.34.00"
    "@opam-alpha/ppx_bench" ">= 113.33.03 < 113.34.00"
    "@opam-alpha/ppx_driver" ">= 113.33.03 < 113.34.00"
    "@opam-alpha/ppx_expect" ">= 113.33.03 < 113.34.00"
    "@opam-alpha/ppx_inline_test" ">= 113.33.03 < 113.34.00"
    "@opam-alpha/ppx_jane" ">= 113.33.03 < 113.34.00"
    "@opam-alpha/sexplib" ">= 113.33.03 < 113.34.00"
    "@opam-alpha/typerep" ">= 113.33.03 < 113.34.00"
    "@opam-alpha/variantslib" ">= 113.33.03 < 113.34.00"
    opam-installer-bin esy-ocaml/opam-installer-bin
    substs esy-ocaml/substs

"@opam-alpha/async_find@>= 113.33.03 < 113.34.00":
  version "113.33.3"
  uid "50f870f4631c0309904d620d1193c826"
  resolved "@opam-alpha/async_find@113.33.03"
  dependencies:
    "@opam-alpha/async" ">= 113.33.03 < 113.34.00"
    "@opam-alpha/bin_prot" ">= 113.33.03 < 113.34.00"
    "@opam-alpha/core" ">= 113.33.03 < 113.34.00"
    "@opam-alpha/fieldslib" ">= 113.33.03 < 113.34.00"
    "@opam-alpha/js-build-tools" ">= 113.33.04 < 113.34.00"
    "@opam-alpha/ocamlfind" ">= 1.3.2"
    "@opam-alpha/ppx_assert" ">= 113.33.03 < 113.34.00"
    "@opam-alpha/ppx_bench" ">= 113.33.03 < 113.34.00"
    "@opam-alpha/ppx_driver" ">= 113.33.03 < 113.34.00"
    "@opam-alpha/ppx_expect" ">= 113.33.03 < 113.34.00"
    "@opam-alpha/ppx_inline_test" ">= 113.33.03 < 113.34.00"
    "@opam-alpha/ppx_jane" ">= 113.33.03 < 113.34.00"
    "@opam-alpha/sexplib" ">= 113.33.03 < 113.34.00"
    "@opam-alpha/typerep" ">= 113.33.03 < 113.34.00"
    "@opam-alpha/variantslib" ">= 113.33.03 < 113.34.00"
    opam-installer-bin esy-ocaml/opam-installer-bin
    substs esy-ocaml/substs

"@opam-alpha/async_inotify@>= 113.33.03 < 113.34.00":
  version "113.33.3"
  uid ec25f0e00aa725260460fd53e94bc5e6
  resolved "@opam-alpha/async_inotify@113.33.03"
  dependencies:
    "@opam-alpha/async" ">= 113.33.03 < 113.34.00"
    "@opam-alpha/async_find" ">= 113.33.03 < 113.34.00"
    "@opam-alpha/bin_prot" ">= 113.33.03 < 113.34.00"
    "@opam-alpha/core" ">= 113.33.03 < 113.34.00"
    "@opam-alpha/fieldslib" ">= 113.33.03 < 113.34.00"
    "@opam-alpha/inotify" "*"
    "@opam-alpha/js-build-tools" ">= 113.33.04 < 113.34.00"
    "@opam-alpha/ocamlfind" ">= 1.3.2"
    "@opam-alpha/ppx_assert" ">= 113.33.03 < 113.34.00"
    "@opam-alpha/ppx_bench" ">= 113.33.03 < 113.34.00"
    "@opam-alpha/ppx_driver" ">= 113.33.03 < 113.34.00"
    "@opam-alpha/ppx_expect" ">= 113.33.03 < 113.34.00"
    "@opam-alpha/ppx_inline_test" ">= 113.33.03 < 113.34.00"
    "@opam-alpha/ppx_jane" ">= 113.33.03 < 113.34.00"
    "@opam-alpha/sexplib" ">= 113.33.03 < 113.34.00"
    "@opam-alpha/typerep" ">= 113.33.03 < 113.34.00"
    "@opam-alpha/variantslib" ">= 113.33.03 < 113.34.00"
    opam-installer-bin esy-ocaml/opam-installer-bin
    substs esy-ocaml/substs

"@opam-alpha/async_kernel@>= 113.33.03 < 113.34.00":
  version "113.33.3"
  uid b33b2d9a6de58c1258c03418303e569b
  resolved "@opam-alpha/async_kernel@113.33.03"
  dependencies:
    "@opam-alpha/bin_prot" ">= 113.33.03 < 113.34.00"
    "@opam-alpha/core_kernel" ">= 113.33.03 < 113.34.00"
    "@opam-alpha/fieldslib" ">= 113.33.03 < 113.34.00"
    "@opam-alpha/js-build-tools" ">= 113.33.04 < 113.34.00"
    "@opam-alpha/ocamlfind" ">= 1.3.2"
    "@opam-alpha/ppx_assert" ">= 113.33.03 < 113.34.00"
    "@opam-alpha/ppx_bench" ">= 113.33.03 < 113.34.00"
    "@opam-alpha/ppx_driver" ">= 113.33.03 < 113.34.00"
    "@opam-alpha/ppx_expect" ">= 113.33.03 < 113.34.00"
    "@opam-alpha/ppx_inline_test" ">= 113.33.03 < 113.34.00"
    "@opam-alpha/ppx_jane" ">= 113.33.03 < 113.34.00"
    "@opam-alpha/sexplib" ">= 113.33.03 < 113.34.00"
    "@opam-alpha/typerep" ">= 113.33.03 < 113.34.00"
    "@opam-alpha/variantslib" ">= 113.33.03 < 113.34.00"
    opam-installer-bin esy-ocaml/opam-installer-bin
    substs esy-ocaml/substs

"@opam-alpha/async_parallel@>= 113.33.03 < 113.34.00":
  version "113.33.3"
  uid "7269b3e4f989bbb4e126983d2ecd3891"
  resolved "@opam-alpha/async_parallel@113.33.03"
  dependencies:
    "@opam-alpha/async" ">= 113.33.03 < 113.34.00"
    "@opam-alpha/bin_prot" ">= 113.33.03 < 113.34.00"
    "@opam-alpha/core" ">= 113.33.03 < 113.34.00"
    "@opam-alpha/fieldslib" ">= 113.33.03 < 113.34.00"
    "@opam-alpha/js-build-tools" ">= 113.33.04 < 113.34.00"
    "@opam-alpha/ocamlfind" ">= 1.3.2"
    "@opam-alpha/ppx_assert" ">= 113.33.03 < 113.34.00"
    "@opam-alpha/ppx_bench" ">= 113.33.03 < 113.34.00"
    "@opam-alpha/ppx_driver" ">= 113.33.03 < 113.34.00"
    "@opam-alpha/ppx_expect" ">= 113.33.03 < 113.34.00"
    "@opam-alpha/ppx_inline_test" ">= 113.33.03 < 113.34.00"
    "@opam-alpha/ppx_jane" ">= 113.33.03 < 113.34.00"
    "@opam-alpha/sexplib" ">= 113.33.03 < 113.34.00"
    "@opam-alpha/typerep" ">= 113.33.03 < 113.34.00"
    "@opam-alpha/variantslib" ">= 113.33.03 < 113.34.00"
    opam-installer-bin esy-ocaml/opam-installer-bin
    substs esy-ocaml/substs

"@opam-alpha/async_rpc_kernel@>= 113.33.03 < 113.34.00":
  version "113.33.3"
  uid "1ba4d3d39647883a24f061b643be998c"
  resolved "@opam-alpha/async_rpc_kernel@113.33.03"
  dependencies:
    "@opam-alpha/async_kernel" ">= 113.33.03 < 113.34.00"
    "@opam-alpha/bin_prot" ">= 113.33.03 < 113.34.00"
    "@opam-alpha/core_kernel" ">= 113.33.03 < 113.34.00"
    "@opam-alpha/fieldslib" ">= 113.33.03 < 113.34.00"
    "@opam-alpha/js-build-tools" ">= 113.33.04 < 113.34.00"
    "@opam-alpha/ocamlfind" ">= 1.3.2"
    "@opam-alpha/ppx_assert" ">= 113.33.03 < 113.34.00"
    "@opam-alpha/ppx_bench" ">= 113.33.03 < 113.34.00"
    "@opam-alpha/ppx_driver" ">= 113.33.03 < 113.34.00"
    "@opam-alpha/ppx_expect" ">= 113.33.03 < 113.34.00"
    "@opam-alpha/ppx_inline_test" ">= 113.33.03 < 113.34.00"
    "@opam-alpha/ppx_jane" ">= 113.33.03 < 113.34.00"
    "@opam-alpha/sexplib" ">= 113.33.03 < 113.34.00"
    "@opam-alpha/typerep" ">= 113.33.03 < 113.34.00"
    "@opam-alpha/variantslib" ">= 113.33.03 < 113.34.00"
    opam-installer-bin esy-ocaml/opam-installer-bin
    substs esy-ocaml/substs

"@opam-alpha/async_unix@>= 113.33.03 < 113.34.00":
  version "113.33.3"
  uid "784f9b955b04cc5117f9b07909498b3e"
  resolved "@opam-alpha/async_unix@113.33.03"
  dependencies:
    "@opam-alpha/async_kernel" ">= 113.33.03 < 113.34.00"
    "@opam-alpha/bin_prot" ">= 113.33.03 < 113.34.00"
    "@opam-alpha/core" ">= 113.33.03 < 113.34.00"
    "@opam-alpha/fieldslib" ">= 113.33.03 < 113.34.00"
    "@opam-alpha/js-build-tools" ">= 113.33.04 < 113.34.00"
    "@opam-alpha/ocamlfind" ">= 1.3.2"
    "@opam-alpha/ppx_assert" ">= 113.33.03 < 113.34.00"
    "@opam-alpha/ppx_bench" ">= 113.33.03 < 113.34.00"
    "@opam-alpha/ppx_driver" ">= 113.33.03 < 113.34.00"
    "@opam-alpha/ppx_expect" ">= 113.33.03 < 113.34.00"
    "@opam-alpha/ppx_inline_test" ">= 113.33.03 < 113.34.00"
    "@opam-alpha/ppx_jane" ">= 113.33.03 < 113.34.00"
    "@opam-alpha/sexplib" ">= 113.33.03 < 113.34.00"
    "@opam-alpha/typerep" ">= 113.33.03 < 113.34.00"
    "@opam-alpha/variantslib" ">= 113.33.03 < 113.34.00"
    opam-installer-bin esy-ocaml/opam-installer-bin
    substs esy-ocaml/substs

"@opam-alpha/base-threads@*":
  version "0.0.0"
  resolved "@opam-alpha/base-threads@0.0.0"
  dependencies:
    opam-installer-bin esy-ocaml/opam-installer-bin
    substs esy-ocaml/substs

"@opam-alpha/base-unix@*":
  version "0.0.0"
  resolved "@opam-alpha/base-unix@0.0.0"
  dependencies:
    opam-installer-bin esy-ocaml/opam-installer-bin
    substs esy-ocaml/substs

"@opam-alpha/bin_prot@>= 113.33.03 < 113.34.00":
  version "113.33.3"
  uid d90c8977da36e4aafd3e0421744fd818
  resolved "@opam-alpha/bin_prot@113.33.03"
  dependencies:
    "@opam-alpha/js-build-tools" ">= 113.33.04 < 113.34.00"
    "@opam-alpha/ocamlfind" ">= 1.3.2"
    opam-installer-bin esy-ocaml/opam-installer-bin
    substs esy-ocaml/substs

"@opam-alpha/biniou@>= 1.0.6":
  version "1.0.12"
  uid "2f36d212bd1ca8fef26c5f6b8f71886e"
  resolved "@opam-alpha/biniou@1.0.12"
  dependencies:
    "@opam-alpha/conf-which" "*"
    "@opam-alpha/easy-format" "*"
    "@opam-alpha/ocamlfind" "*"
    opam-installer-bin esy-ocaml/opam-installer-bin
    substs esy-ocaml/substs

"@opam-alpha/camlp4@*":
  version "4.2.7"
  resolved "@opam-alpha/camlp4@4.2.7"
  dependencies:
    "@opam-alpha/conf-which" "*"
    "@opam-alpha/ocamlfind" "*"
    opam-installer-bin esy-ocaml/opam-installer-bin
    substs esy-ocaml/substs

"@opam-alpha/camomile@>= 0.8.0":
  version "0.8.5"
  uid "1e25b6cd4efd26ab38a667db18d83f02"
  resolved "@opam-alpha/camomile@0.8.5"
  dependencies:
    "@opam-alpha/camlp4" "*"
    "@opam-alpha/cppo" "*"
    "@opam-alpha/ocamlfind" "*"
    opam-installer-bin esy-ocaml/opam-installer-bin
    substs esy-ocaml/substs

"@opam-alpha/conf-m4@*":
  version "1.0.0"
  resolved "@opam-alpha/conf-m4@1.0.0"
  dependencies:
    opam-installer-bin esy-ocaml/opam-installer-bin
    substs esy-ocaml/substs

"@opam-alpha/conf-pkg-config@*":
  version "1.0.0"
  resolved "@opam-alpha/conf-pkg-config@1.0.0"
  dependencies:
    opam-installer-bin esy-ocaml/opam-installer-bin
    substs esy-ocaml/substs
    yarn-pkg-config reasonml/yarn-pkg-config#esy

"@opam-alpha/conf-which@*":
  version "1.0.0"
  resolved "@opam-alpha/conf-which@1.0.0"
  dependencies:
    opam-installer-bin esy-ocaml/opam-installer-bin
    substs esy-ocaml/substs

"@opam-alpha/core@>= 113.33.03 < 113.34.00":
  version "113.33.3"
  uid "3a8c63205917a85de8ed597c11c1fc76"
  resolved "@opam-alpha/core@113.33.03"
  dependencies:
    "@opam-alpha/bin_prot" ">= 113.33.03 < 113.34.00"
    "@opam-alpha/core_kernel" ">= 113.33.03 < 113.34.00"
    "@opam-alpha/fieldslib" ">= 113.33.03 < 113.34.00"
    "@opam-alpha/js-build-tools" ">= 113.33.04 < 113.34.00"
    "@opam-alpha/ocamlfind" ">= 1.3.2"
    "@opam-alpha/ppx_assert" ">= 113.33.03 < 113.34.00"
    "@opam-alpha/ppx_bench" ">= 113.33.03 < 113.34.00"
    "@opam-alpha/ppx_driver" ">= 113.33.03 < 113.34.00"
    "@opam-alpha/ppx_expect" ">= 113.33.03 < 113.34.00"
    "@opam-alpha/ppx_inline_test" ">= 113.33.03 < 113.34.00"
    "@opam-alpha/ppx_jane" ">= 113.33.03 < 113.34.00"
    "@opam-alpha/sexplib" ">= 113.33.03 < 113.34.00"
    "@opam-alpha/typerep" ">= 113.33.03 < 113.34.00"
    "@opam-alpha/variantslib" ">= 113.33.03 < 113.34.00"
    opam-installer-bin esy-ocaml/opam-installer-bin
    substs esy-ocaml/substs

"@opam-alpha/core_kernel@>= 113.33.03 < 113.34.00":
  version "113.33.3"
  uid e56da86bcb955e6d65a2da04a973b11f
  resolved "@opam-alpha/core_kernel@113.33.03"
  dependencies:
    "@opam-alpha/bin_prot" ">= 113.33.03 < 113.34.00"
    "@opam-alpha/fieldslib" ">= 113.33.03 < 113.34.00"
    "@opam-alpha/js-build-tools" ">= 113.33.04 < 113.34.00"
    "@opam-alpha/ocamlfind" ">= 1.3.2"
    "@opam-alpha/ppx_assert" ">= 113.33.03 < 113.34.00"
    "@opam-alpha/ppx_bench" ">= 113.33.03 < 113.34.00"
    "@opam-alpha/ppx_driver" ">= 113.33.03 < 113.34.00"
    "@opam-alpha/ppx_expect" ">= 113.33.03 < 113.34.00"
    "@opam-alpha/ppx_inline_test" ">= 113.33.03 < 113.34.00"
    "@opam-alpha/ppx_jane" ">= 113.33.03 < 113.34.00"
    "@opam-alpha/result" "*"
    "@opam-alpha/sexplib" ">= 113.33.03 < 113.34.00"
    "@opam-alpha/typerep" ">= 113.33.03 < 113.34.00"
    "@opam-alpha/variantslib" ">= 113.33.03 < 113.34.00"
    opam-installer-bin esy-ocaml/opam-installer-bin
    substs esy-ocaml/substs

"@opam-alpha/cppo@*", "@opam-alpha/cppo@>= 1.1.2":
  version "1.4.1"
  uid "2100b34907caa350d3026a3ed13b08d5"
  resolved "@opam-alpha/cppo@1.4.1"
  dependencies:
    "@opam-alpha/ocamlfind" "*"
    opam-installer-bin esy-ocaml/opam-installer-bin
    substs esy-ocaml/substs

"@opam-alpha/ctypes-foreign@*":
  version "0.4.0"
  resolved "@opam-alpha/ctypes-foreign@0.4.0"
  dependencies:
    opam-installer-bin esy-ocaml/opam-installer-bin
    substs esy-ocaml/substs

"@opam-alpha/ctypes@>= 0.4.0", "@opam-alpha/ctypes@>= 0.9.0":
  version "0.11.2"
  uid "72055750770278a84965bb81aec68d87"
  resolved "@opam-alpha/ctypes@0.11.2"
  dependencies:
    "@opam-alpha/conf-pkg-config" "*"
    "@opam-alpha/ctypes-foreign" "*"
    "@opam-alpha/lwt" "*"
    "@opam-alpha/ocamlfind" "*"
    "@opam-alpha/ounit" "*"
    libffi reasonml/libffi#esy
    opam-installer-bin esy-ocaml/opam-installer-bin
    substs esy-ocaml/substs

"@opam-alpha/easy-format@*":
  version "1.2.0"
  uid "0b99126d35a8a2843573a0655d0d9ff5"
  resolved "@opam-alpha/easy-format@1.2.0"
  dependencies:
    "@opam-alpha/ocamlfind" "*"
    opam-installer-bin esy-ocaml/opam-installer-bin
    substs esy-ocaml/substs

"@opam-alpha/fieldslib@>= 113.33.03 < 113.34.00":
  version "113.33.3"
  uid "20566b9efc8dfc6b7d769ffc060afafc"
  resolved "@opam-alpha/fieldslib@113.33.03"
  dependencies:
    "@opam-alpha/js-build-tools" ">= 113.33.04 < 113.34.00"
    "@opam-alpha/ocamlfind" ">= 1.3.2"
    opam-installer-bin esy-ocaml/opam-installer-bin
    substs esy-ocaml/substs

"@opam-alpha/fileutils@*":
  version "0.5.1"
  uid "2fe185bbce4357eb5fba1dfc0b3e63c5"
  resolved "@opam-alpha/fileutils@0.5.1"
  dependencies:
    "@opam-alpha/ocamlfind" "*"
    "@opam-alpha/ounit" ">= 2.0.0"
    opam-installer-bin esy-ocaml/opam-installer-bin
    substs esy-ocaml/substs

"@opam-alpha/inotify@*":
  version "2.1.0"
  uid "60b3070dec5c008b3fe69a562ea4e905"
  resolved "@opam-alpha/inotify@2.1.0"
  dependencies:
    "@opam-alpha/fileutils" "*"
    "@opam-alpha/lwt" "*"
    "@opam-alpha/ocamlfind" "*"
    opam-installer-bin esy-ocaml/opam-installer-bin
    substs esy-ocaml/substs

"@opam-alpha/jenga@*":
  version "113.33.3"
  uid "2726eaf0c5b7d18bd687a875f67f1b1c"
  resolved "@opam-alpha/jenga@113.33.03"
  dependencies:
    "@opam-alpha/async" ">= 113.33.03 < 113.34.00"
    "@opam-alpha/async_inotify" ">= 113.33.03 < 113.34.00"
    "@opam-alpha/async_parallel" ">= 113.33.03 < 113.34.00"
    "@opam-alpha/bin_prot" ">= 113.33.03 < 113.34.00"
    "@opam-alpha/core" ">= 113.33.03 < 113.34.00"
    "@opam-alpha/fieldslib" ">= 113.33.03 < 113.34.00"
    "@opam-alpha/js-build-tools" ">= 113.33.04 < 113.34.00"
    "@opam-alpha/ocaml_plugin" ">= 113.33.03 < 113.34.00"
    "@opam-alpha/ocamlfind" ">= 1.3.2"
    "@opam-alpha/ppx_assert" ">= 113.33.03 < 113.34.00"
    "@opam-alpha/ppx_bench" ">= 113.33.03 < 113.34.00"
    "@opam-alpha/ppx_driver" ">= 113.33.03 < 113.34.00"
    "@opam-alpha/ppx_expect" ">= 113.33.03 < 113.34.00"
    "@opam-alpha/ppx_inline_test" ">= 113.33.03 < 113.34.00"
    "@opam-alpha/ppx_jane" ">= 113.33.03 < 113.34.00"
    "@opam-alpha/re2" ">= 113.33.03 < 113.34.00"
    "@opam-alpha/sexplib" ">= 113.33.03 < 113.34.00"
    "@opam-alpha/typerep" ">= 113.33.03 < 113.34.00"
    "@opam-alpha/variantslib" ">= 113.33.03 < 113.34.00"
    opam-installer-bin esy-ocaml/opam-installer-bin
    substs esy-ocaml/substs

"@opam-alpha/js-build-tools@>= 113.33.04 < 113.34.00":
  version "113.33.4"
  uid "25e2657622a2be4dac42adc2ea148999"
  resolved "@opam-alpha/js-build-tools@113.33.04"
  dependencies:
    "@opam-alpha/ocamlfind" ">= 1.3.2"
    opam-installer-bin esy-ocaml/opam-installer-bin
    substs esy-ocaml/substs

"@opam-alpha/lambda-term@>= 1.9.0":
  version "1.9.0"
  uid "17a9f8b56f9a10a7ed4cfa48ae6c3e39"
  resolved "@opam-alpha/lambda-term@1.9.0"
  dependencies:
    "@opam-alpha/lwt" ">= 2.4.0"
    "@opam-alpha/ocamlfind" "*"
    "@opam-alpha/react" ">= 1.0.0"
    "@opam-alpha/zed" ">= 1.2.0"
    opam-installer-bin esy-ocaml/opam-installer-bin
    substs esy-ocaml/substs

"@opam-alpha/lwt@*", "@opam-alpha/lwt@>= 2.4.0":
  version "2.7.0"
  uid cee770cf9edbda92578c873e7e4c6105
  resolved "@opam-alpha/lwt@2.7.0"
  dependencies:
    "@opam-alpha/base-threads" "*"
    "@opam-alpha/base-unix" "*"
    "@opam-alpha/camlp4" "*"
    "@opam-alpha/ocamlfind" ">= 1.5.0"
    "@opam-alpha/ppx_tools" "*"
    "@opam-alpha/react" "*"
    "@opam-alpha/result" "*"
    opam-installer-bin esy-ocaml/opam-installer-bin
    substs esy-ocaml/substs

"@opam-alpha/menhir@>= 20160303.0.0":
  version "20161115.0.0"
  uid c1aafe196ac7695000ff7370184eda20
  resolved "@opam-alpha/menhir@20161115.0.0"
  dependencies:
    "@opam-alpha/ocamlfind" "*"
    opam-installer-bin esy-ocaml/opam-installer-bin
    substs esy-ocaml/substs

"@opam-alpha/merlin-extend@^ 0.3.0":
  version "0.3.0"
  uid "9c6dfd4f53328f02f12fcc265f4e2dda"
  resolved "@opam-alpha/merlin-extend@0.3.0"
  dependencies:
    "@opam-alpha/cppo" "*"
    "@opam-alpha/ocamlfind" "*"
    opam-installer-bin esy-ocaml/opam-installer-bin
    substs esy-ocaml/substs

"@opam-alpha/merlin@^ 2.5.0":
  version "2.5.3"
  uid d2ff86fb0685247bf3dd17f07ba4ee0c
  resolved "@opam-alpha/merlin@2.5.3"
  dependencies:
    "@opam-alpha/ocamlfind" ">= 1.5.2"
    "@opam-alpha/yojson" "*"
    opam-installer-bin esy-ocaml/opam-installer-bin
    substs esy-ocaml/substs

"@opam-alpha/ocaml_plugin@>= 113.33.03 < 113.34.00":
  version "113.33.3"
  uid b32fb3fe3af80e2992be4d0d179a45fe
  resolved "@opam-alpha/ocaml_plugin@113.33.03"
  dependencies:
    "@opam-alpha/async" ">= 113.33.03 < 113.34.00"
    "@opam-alpha/bin_prot" ">= 113.33.03 < 113.34.00"
    "@opam-alpha/core" ">= 113.33.03 < 113.34.00"
    "@opam-alpha/fieldslib" ">= 113.33.03 < 113.34.00"
    "@opam-alpha/js-build-tools" ">= 113.33.04 < 113.34.00"
    "@opam-alpha/ocamlfind" ">= 1.3.2"
    "@opam-alpha/ppx_assert" ">= 113.33.03 < 113.34.00"
    "@opam-alpha/ppx_bench" ">= 113.33.03 < 113.34.00"
    "@opam-alpha/ppx_driver" ">= 113.33.03 < 113.34.00"
    "@opam-alpha/ppx_expect" ">= 113.33.03 < 113.34.00"
    "@opam-alpha/ppx_inline_test" ">= 113.33.03 < 113.34.00"
    "@opam-alpha/ppx_jane" ">= 113.33.03 < 113.34.00"
    "@opam-alpha/sexplib" ">= 113.33.03 < 113.34.00"
    "@opam-alpha/typerep" ">= 113.33.03 < 113.34.00"
    "@opam-alpha/variantslib" ">= 113.33.03 < 113.34.00"
    opam-installer-bin esy-ocaml/opam-installer-bin
    substs esy-ocaml/substs

"@opam-alpha/ocamlbuild@*":
  version "0.9.3"
  uid d5ba7ee06a51a3333f2168cd431df4ae
  resolved "@opam-alpha/ocamlbuild@0.9.3"
  dependencies:
    opam-installer-bin esy-ocaml/opam-installer-bin
    substs esy-ocaml/substs

"@opam-alpha/ocamlfind@*", "@opam-alpha/ocamlfind@>= 1.3.2", "@opam-alpha/ocamlfind@>= 1.5.0", "@opam-alpha/ocamlfind@>= 1.5.1", "@opam-alpha/ocamlfind@>= 1.5.2", "@opam-alpha/ocamlfind@>= 1.5.6", "@opam-alpha/ocamlfind@>= 1.6.0", "@opam-alpha/ocamlfind@>= 1.6.1":
  version "1.7.1"
  resolved "@opam-alpha/ocamlfind@1.7.1"
  dependencies:
    "@opam-alpha/conf-m4" "*"
    opam-installer-bin esy-ocaml/opam-installer-bin
    substs esy-ocaml/substs

"@opam-alpha/ounit@*", "@opam-alpha/ounit@>= 2.0.0":
  version "2.0.0"
  uid "2e0a24648c55005978d4923eb4925b28"
  resolved "@opam-alpha/ounit@2.0.0"
  dependencies:
    "@opam-alpha/ocamlfind" "*"
    opam-installer-bin esy-ocaml/opam-installer-bin
    substs esy-ocaml/substs

"@opam-alpha/ppx_assert@>= 113.33.03 < 113.34.00":
  version "113.33.3"
  uid "4da98302d2827397b6330451d44cd3e2"
  resolved "@opam-alpha/ppx_assert@113.33.03"
  dependencies:
    "@opam-alpha/js-build-tools" ">= 113.33.04 < 113.34.00"
    "@opam-alpha/ocamlfind" ">= 1.3.2"
    "@opam-alpha/ppx_compare" ">= 113.33.03 < 113.34.00"
    "@opam-alpha/ppx_core" ">= 113.33.03 < 113.34.00"
    "@opam-alpha/ppx_driver" ">= 113.33.03 < 113.34.00"
    "@opam-alpha/ppx_here" ">= 113.33.03 < 113.34.00"
    "@opam-alpha/ppx_sexp_conv" ">= 113.33.03 < 113.34.00"
    "@opam-alpha/ppx_tools" ">= 0.99.3"
    "@opam-alpha/ppx_type_conv" ">= 113.33.03 < 113.34.00"
    "@opam-alpha/sexplib" ">= 113.33.03 < 113.34.00"
    opam-installer-bin esy-ocaml/opam-installer-bin
    substs esy-ocaml/substs

"@opam-alpha/ppx_bench@>= 113.33.03 < 113.34.00":
  version "113.33.3"
  uid e6cf0f4fe55b2444bb14cbff1e9a69be
  resolved "@opam-alpha/ppx_bench@113.33.03"
  dependencies:
    "@opam-alpha/js-build-tools" ">= 113.33.04 < 113.34.00"
    "@opam-alpha/ocamlfind" ">= 1.3.2"
    "@opam-alpha/ppx_core" ">= 113.33.03 < 113.34.00"
    "@opam-alpha/ppx_driver" ">= 113.33.03 < 113.34.00"
    "@opam-alpha/ppx_inline_test" ">= 113.33.03 < 113.34.00"
    "@opam-alpha/ppx_tools" ">= 0.99.3"
    opam-installer-bin esy-ocaml/opam-installer-bin
    substs esy-ocaml/substs

"@opam-alpha/ppx_bin_prot@>= 113.33.03 < 113.34.00":
  version "113.33.3"
  uid b3ef749c641056781dd2b861e72c7692
  resolved "@opam-alpha/ppx_bin_prot@113.33.03"
  dependencies:
    "@opam-alpha/bin_prot" ">= 113.33.03 < 113.34.00"
    "@opam-alpha/js-build-tools" ">= 113.33.04 < 113.34.00"
    "@opam-alpha/ocamlfind" ">= 1.3.2"
    "@opam-alpha/ppx_core" ">= 113.33.03 < 113.34.00"
    "@opam-alpha/ppx_tools" ">= 0.99.3"
    "@opam-alpha/ppx_type_conv" ">= 113.33.03 < 113.34.00"
    opam-installer-bin esy-ocaml/opam-installer-bin
    substs esy-ocaml/substs

"@opam-alpha/ppx_compare@>= 113.33.03 < 113.34.00":
  version "113.33.3"
  uid "7b47b40c0c771f4eb2c72f0892c2083f"
  resolved "@opam-alpha/ppx_compare@113.33.03"
  dependencies:
    "@opam-alpha/js-build-tools" ">= 113.33.04 < 113.34.00"
    "@opam-alpha/ocamlfind" ">= 1.3.2"
    "@opam-alpha/ppx_core" ">= 113.33.03 < 113.34.00"
    "@opam-alpha/ppx_driver" ">= 113.33.03 < 113.34.00"
    "@opam-alpha/ppx_tools" ">= 0.99.3"
    "@opam-alpha/ppx_type_conv" ">= 113.33.03 < 113.34.00"
    opam-installer-bin esy-ocaml/opam-installer-bin
    substs esy-ocaml/substs

"@opam-alpha/ppx_core@>= 113.33.03 < 113.34.00":
  version "113.33.3"
  uid "043a6c5582b7aff0f8906b11792c6080"
  resolved "@opam-alpha/ppx_core@113.33.03"
  dependencies:
    "@opam-alpha/js-build-tools" ">= 113.33.04 < 113.34.00"
    "@opam-alpha/ocamlfind" ">= 1.3.2"
    "@opam-alpha/ppx_tools" ">= 0.99.3"
    opam-installer-bin esy-ocaml/opam-installer-bin
    substs esy-ocaml/substs

"@opam-alpha/ppx_custom_printf@>= 113.33.03 < 113.34.00":
  version "113.33.3"
  uid "303cd723860c591491e813a43e846699"
  resolved "@opam-alpha/ppx_custom_printf@113.33.03"
  dependencies:
    "@opam-alpha/js-build-tools" ">= 113.33.04 < 113.34.00"
    "@opam-alpha/ocamlfind" ">= 1.3.2"
    "@opam-alpha/ppx_core" ">= 113.33.03 < 113.34.00"
    "@opam-alpha/ppx_driver" ">= 113.33.03 < 113.34.00"
    "@opam-alpha/ppx_sexp_conv" ">= 113.33.03 < 113.34.00"
    "@opam-alpha/ppx_tools" ">= 0.99.3"
    opam-installer-bin esy-ocaml/opam-installer-bin
    substs esy-ocaml/substs

"@opam-alpha/ppx_deriving@>= 3.0.0":
  version "4.1.0"
  uid "6a0cf323c97434c5a6d8529ea7e084db"
  resolved "@opam-alpha/ppx_deriving@4.1.0"
  dependencies:
    "@opam-alpha/cppo" "*"
    "@opam-alpha/ocamlfind" ">= 1.6.0"
    "@opam-alpha/ounit" "*"
    "@opam-alpha/ppx_tools" ">= 4.02.3"
    "@opam-alpha/result" "*"
    opam-installer-bin esy-ocaml/opam-installer-bin
    substs esy-ocaml/substs

"@opam-alpha/ppx_driver@>= 113.33.03 < 113.34.00":
  version "113.33.3"
  uid "9e87c2d1ea772718637afc335e88dc45"
  resolved "@opam-alpha/ppx_driver@113.33.03"
  dependencies:
    "@opam-alpha/js-build-tools" ">= 113.33.04 < 113.34.00"
    "@opam-alpha/ocamlfind" ">= 1.3.2"
    "@opam-alpha/ppx_core" ">= 113.33.03 < 113.34.00"
    "@opam-alpha/ppx_optcomp" ">= 113.33.03 < 113.34.00"
    opam-installer-bin esy-ocaml/opam-installer-bin
    substs esy-ocaml/substs

"@opam-alpha/ppx_enumerate@>= 113.33.03 < 113.34.00":
  version "113.33.3"
  uid b38bcd9acb621609bcca45cd1c9825bf
  resolved "@opam-alpha/ppx_enumerate@113.33.03"
  dependencies:
    "@opam-alpha/js-build-tools" ">= 113.33.04 < 113.34.00"
    "@opam-alpha/ocamlfind" ">= 1.3.2"
    "@opam-alpha/ppx_core" ">= 113.33.03 < 113.34.00"
    "@opam-alpha/ppx_tools" ">= 0.99.3"
    "@opam-alpha/ppx_type_conv" ">= 113.33.03 < 113.34.00"
    opam-installer-bin esy-ocaml/opam-installer-bin
    substs esy-ocaml/substs

"@opam-alpha/ppx_expect@>= 113.33.03 < 113.34.00":
  version "113.33.3"
  uid ceca13eb18037e611717029d16ca48d7
  resolved "@opam-alpha/ppx_expect@113.33.03"
  dependencies:
    "@opam-alpha/fieldslib" ">= 113.33.03 < 113.34.00"
    "@opam-alpha/js-build-tools" ">= 113.33.04 < 113.34.00"
    "@opam-alpha/ocamlfind" ">= 1.3.2"
    "@opam-alpha/ppx_assert" ">= 113.33.03 < 113.34.00"
    "@opam-alpha/ppx_compare" ">= 113.33.03 < 113.34.00"
    "@opam-alpha/ppx_core" ">= 113.33.03 < 113.34.00"
    "@opam-alpha/ppx_custom_printf" ">= 113.33.03 < 113.34.00"
    "@opam-alpha/ppx_driver" ">= 113.33.03 < 113.34.00"
    "@opam-alpha/ppx_fields_conv" ">= 113.33.03 < 113.34.00"
    "@opam-alpha/ppx_inline_test" ">= 113.33.03 < 113.34.00"
    "@opam-alpha/ppx_sexp_conv" ">= 113.33.03 < 113.34.00"
    "@opam-alpha/ppx_tools" ">= 0.99.3"
    "@opam-alpha/ppx_variants_conv" ">= 113.33.03 < 113.34.00"
    "@opam-alpha/re" "*"
    "@opam-alpha/sexplib" ">= 113.33.03 < 113.34.00"
    "@opam-alpha/variantslib" ">= 113.33.03 < 113.34.00"
    opam-installer-bin esy-ocaml/opam-installer-bin
    substs esy-ocaml/substs

"@opam-alpha/ppx_fail@>= 113.33.03 < 113.34.00":
  version "113.33.3"
  uid e7deb90ac7e23000bf9287a57ccce174
  resolved "@opam-alpha/ppx_fail@113.33.03"
  dependencies:
    "@opam-alpha/js-build-tools" ">= 113.33.04 < 113.34.00"
    "@opam-alpha/ocamlfind" ">= 1.3.2"
    "@opam-alpha/ppx_core" ">= 113.33.03 < 113.34.00"
    "@opam-alpha/ppx_driver" ">= 113.33.03 < 113.34.00"
    "@opam-alpha/ppx_here" ">= 113.33.03 < 113.34.00"
    "@opam-alpha/ppx_tools" ">= 0.99.3"
    opam-installer-bin esy-ocaml/opam-installer-bin
    substs esy-ocaml/substs

"@opam-alpha/ppx_fields_conv@>= 113.33.03 < 113.34.00":
  version "113.33.3"
  uid "5e86c8e11ff261dc85301fcf7236c8bf"
  resolved "@opam-alpha/ppx_fields_conv@113.33.03"
  dependencies:
    "@opam-alpha/fieldslib" ">= 113.33.03 < 113.34.00"
    "@opam-alpha/js-build-tools" ">= 113.33.04 < 113.34.00"
    "@opam-alpha/ocamlfind" ">= 1.3.2"
    "@opam-alpha/ppx_core" ">= 113.33.03 < 113.34.00"
    "@opam-alpha/ppx_tools" ">= 0.99.3"
    "@opam-alpha/ppx_type_conv" ">= 113.33.03 < 113.34.00"
    opam-installer-bin esy-ocaml/opam-installer-bin
    substs esy-ocaml/substs

"@opam-alpha/ppx_here@>= 113.33.03 < 113.34.00":
  version "113.33.3"
  uid "4bdb1122a2952a31674d403477ed66c2"
  resolved "@opam-alpha/ppx_here@113.33.03"
  dependencies:
    "@opam-alpha/js-build-tools" ">= 113.33.04 < 113.34.00"
    "@opam-alpha/ocamlfind" ">= 1.3.2"
    "@opam-alpha/ppx_core" ">= 113.33.03 < 113.34.00"
    "@opam-alpha/ppx_driver" ">= 113.33.03 < 113.34.00"
    opam-installer-bin esy-ocaml/opam-installer-bin
    substs esy-ocaml/substs

"@opam-alpha/ppx_inline_test@>= 113.33.03 < 113.34.00":
  version "113.33.3"
  uid "6abbbcbe8aefbb9d30721e252cd5c7f4"
  resolved "@opam-alpha/ppx_inline_test@113.33.03"
  dependencies:
    "@opam-alpha/js-build-tools" ">= 113.33.04 < 113.34.00"
    "@opam-alpha/ocamlfind" ">= 1.3.2"
    "@opam-alpha/ppx_core" ">= 113.33.03 < 113.34.00"
    "@opam-alpha/ppx_driver" ">= 113.33.03 < 113.34.00"
    "@opam-alpha/ppx_tools" ">= 0.99.3"
    opam-installer-bin esy-ocaml/opam-installer-bin
    substs esy-ocaml/substs

"@opam-alpha/ppx_jane@>= 113.33.03 < 113.34.00":
  version "113.33.3"
  uid "14e4dea12340e225e7b413b6c3b62a37"
  resolved "@opam-alpha/ppx_jane@113.33.03"
  dependencies:
    "@opam-alpha/js-build-tools" ">= 113.33.04 < 113.34.00"
    "@opam-alpha/ocamlfind" ">= 1.3.2"
    "@opam-alpha/ppx_assert" ">= 113.33.03 < 113.34.00"
    "@opam-alpha/ppx_bench" ">= 113.33.03 < 113.34.00"
    "@opam-alpha/ppx_bin_prot" ">= 113.33.03 < 113.34.00"
    "@opam-alpha/ppx_compare" ">= 113.33.03 < 113.34.00"
    "@opam-alpha/ppx_custom_printf" ">= 113.33.03 < 113.34.00"
    "@opam-alpha/ppx_driver" ">= 113.33.03 < 113.34.00"
    "@opam-alpha/ppx_enumerate" ">= 113.33.03 < 113.34.00"
    "@opam-alpha/ppx_expect" ">= 113.33.03 < 113.34.00"
    "@opam-alpha/ppx_fail" ">= 113.33.03 < 113.34.00"
    "@opam-alpha/ppx_fields_conv" ">= 113.33.03 < 113.34.00"
    "@opam-alpha/ppx_here" ">= 113.33.03 < 113.34.00"
    "@opam-alpha/ppx_inline_test" ">= 113.33.03 < 113.34.00"
    "@opam-alpha/ppx_let" ">= 113.33.03 < 113.34.00"
    "@opam-alpha/ppx_pipebang" ">= 113.33.03 < 113.34.00"
    "@opam-alpha/ppx_sexp_conv" ">= 113.33.03 < 113.34.00"
    "@opam-alpha/ppx_sexp_message" ">= 113.33.03 < 113.34.00"
    "@opam-alpha/ppx_sexp_value" ">= 113.33.03 < 113.34.00"
    "@opam-alpha/ppx_typerep_conv" ">= 113.33.03 < 113.34.00"
    "@opam-alpha/ppx_variants_conv" ">= 113.33.03 < 113.34.00"
    opam-installer-bin esy-ocaml/opam-installer-bin
    substs esy-ocaml/substs

"@opam-alpha/ppx_let@>= 113.33.03 < 113.34.00":
  version "113.33.3"
  uid "6906bf23335538f03936eca782436f21"
  resolved "@opam-alpha/ppx_let@113.33.03"
  dependencies:
    "@opam-alpha/js-build-tools" ">= 113.33.04 < 113.34.00"
    "@opam-alpha/ocamlfind" ">= 1.3.2"
    "@opam-alpha/ppx_core" ">= 113.33.03 < 113.34.00"
    "@opam-alpha/ppx_driver" ">= 113.33.03 < 113.34.00"
    opam-installer-bin esy-ocaml/opam-installer-bin
    substs esy-ocaml/substs

"@opam-alpha/ppx_optcomp@>= 113.33.03 < 113.34.00":
  version "113.33.3"
  uid d7281106c873157e3d10f62be3db0367
  resolved "@opam-alpha/ppx_optcomp@113.33.03"
  dependencies:
    "@opam-alpha/js-build-tools" ">= 113.33.04 < 113.34.00"
    "@opam-alpha/ocamlfind" ">= 1.3.2"
    "@opam-alpha/ppx_core" ">= 113.33.03 < 113.34.00"
    "@opam-alpha/ppx_tools" ">= 0.99.3"
    opam-installer-bin esy-ocaml/opam-installer-bin
    substs esy-ocaml/substs

"@opam-alpha/ppx_pipebang@>= 113.33.03 < 113.34.00":
  version "113.33.3"
  uid c48be58c00c4d55cedce702ecef35584
  resolved "@opam-alpha/ppx_pipebang@113.33.03"
  dependencies:
    "@opam-alpha/js-build-tools" ">= 113.33.04 < 113.34.00"
    "@opam-alpha/ocamlfind" ">= 1.3.2"
    "@opam-alpha/ppx_core" ">= 113.33.03 < 113.34.00"
    "@opam-alpha/ppx_driver" ">= 113.33.03 < 113.34.00"
    "@opam-alpha/ppx_tools" ">= 0.99.3"
    opam-installer-bin esy-ocaml/opam-installer-bin
    substs esy-ocaml/substs

"@opam-alpha/ppx_sexp_conv@>= 113.33.03 < 113.34.00":
  version "113.33.3"
  uid "065b0f514aee32a2dbcd9e19d98af85c"
  resolved "@opam-alpha/ppx_sexp_conv@113.33.03"
  dependencies:
    "@opam-alpha/js-build-tools" ">= 113.33.04 < 113.34.00"
    "@opam-alpha/ocamlfind" ">= 1.3.2"
    "@opam-alpha/ppx_core" ">= 113.33.03 < 113.34.00"
    "@opam-alpha/ppx_tools" ">= 0.99.3"
    "@opam-alpha/ppx_type_conv" ">= 113.33.03 < 113.34.00"
    "@opam-alpha/sexplib" ">= 113.33.03 < 113.34.00"
    opam-installer-bin esy-ocaml/opam-installer-bin
    substs esy-ocaml/substs

"@opam-alpha/ppx_sexp_message@>= 113.33.03 < 113.34.00":
  version "113.33.3"
  uid "91b7c60217aa86d73b1cd33ec6909a2d"
  resolved "@opam-alpha/ppx_sexp_message@113.33.03"
  dependencies:
    "@opam-alpha/js-build-tools" ">= 113.33.04 < 113.34.00"
    "@opam-alpha/ocamlfind" ">= 1.3.2"
    "@opam-alpha/ppx_core" ">= 113.33.03 < 113.34.00"
    "@opam-alpha/ppx_driver" ">= 113.33.03 < 113.34.00"
    "@opam-alpha/ppx_here" ">= 113.33.03 < 113.34.00"
    "@opam-alpha/ppx_sexp_conv" ">= 113.33.03 < 113.34.00"
    "@opam-alpha/ppx_tools" ">= 0.99.3"
    opam-installer-bin esy-ocaml/opam-installer-bin
    substs esy-ocaml/substs

"@opam-alpha/ppx_sexp_value@>= 113.33.03 < 113.34.00":
  version "113.33.3"
  uid "0582ea3bc8edddc6bb8731514059da84"
  resolved "@opam-alpha/ppx_sexp_value@113.33.03"
  dependencies:
    "@opam-alpha/js-build-tools" ">= 113.33.04 < 113.34.00"
    "@opam-alpha/ocamlfind" ">= 1.3.2"
    "@opam-alpha/ppx_core" ">= 113.33.03 < 113.34.00"
    "@opam-alpha/ppx_driver" ">= 113.33.03 < 113.34.00"
    "@opam-alpha/ppx_here" ">= 113.33.03 < 113.34.00"
    "@opam-alpha/ppx_sexp_conv" ">= 113.33.03 < 113.34.00"
    "@opam-alpha/ppx_tools" ">= 0.99.3"
    opam-installer-bin esy-ocaml/opam-installer-bin
    substs esy-ocaml/substs

"@opam-alpha/ppx_tools@*", "@opam-alpha/ppx_tools@>= 0.99.3", "@opam-alpha/ppx_tools@>= 4.02.3":
  version "5.4020.0"
  uid "2f2bbe2ef0d16a6371d25a9e78854b3d"
  resolved "@opam-alpha/ppx_tools@5.4020.0"
  dependencies:
    "@opam-alpha/ocamlfind" ">= 1.5.0"
    opam-installer-bin esy-ocaml/opam-installer-bin
    substs esy-ocaml/substs

"@opam-alpha/ppx_type_conv@>= 113.33.03 < 113.34.00":
  version "113.33.3"
  uid "180b8573949073c52ed706db75937875"
  resolved "@opam-alpha/ppx_type_conv@113.33.03"
  dependencies:
    "@opam-alpha/js-build-tools" ">= 113.33.04 < 113.34.00"
    "@opam-alpha/ocamlfind" ">= 1.3.2"
    "@opam-alpha/ppx_core" ">= 113.33.03 < 113.34.00"
    "@opam-alpha/ppx_deriving" ">= 3.0.0"
    "@opam-alpha/ppx_driver" ">= 113.33.03 < 113.34.00"
    "@opam-alpha/ppx_tools" ">= 0.99.3"
    opam-installer-bin esy-ocaml/opam-installer-bin
    substs esy-ocaml/substs

"@opam-alpha/ppx_typerep_conv@>= 113.33.03 < 113.34.00":
  version "113.33.3"
  uid "5dfa2918b204dee5ee5f09ee0863be63"
  resolved "@opam-alpha/ppx_typerep_conv@113.33.03"
  dependencies:
    "@opam-alpha/js-build-tools" ">= 113.33.04 < 113.34.00"
    "@opam-alpha/ocamlfind" ">= 1.3.2"
    "@opam-alpha/ppx_core" ">= 113.33.03 < 113.34.00"
    "@opam-alpha/ppx_tools" ">= 0.99.3"
    "@opam-alpha/ppx_type_conv" ">= 113.33.03 < 113.34.00"
    "@opam-alpha/typerep" ">= 113.33.03 < 113.34.00"
    opam-installer-bin esy-ocaml/opam-installer-bin
    substs esy-ocaml/substs

"@opam-alpha/ppx_variants_conv@>= 113.33.03 < 113.34.00":
  version "113.33.3"
  uid "4062a75f20445c4c30d40999b0addd8b"
  resolved "@opam-alpha/ppx_variants_conv@113.33.03"
  dependencies:
    "@opam-alpha/js-build-tools" ">= 113.33.04 < 113.34.00"
    "@opam-alpha/ocamlfind" ">= 1.3.2"
    "@opam-alpha/ppx_core" ">= 113.33.03 < 113.34.00"
    "@opam-alpha/ppx_driver" ">= 113.33.03 < 113.34.00"
    "@opam-alpha/ppx_tools" ">= 0.99.3"
    "@opam-alpha/ppx_type_conv" ">= 113.33.03 < 113.34.00"
    "@opam-alpha/variantslib" ">= 113.33.03 < 113.34.00"
    opam-installer-bin esy-ocaml/opam-installer-bin
    substs esy-ocaml/substs

"@opam-alpha/re2@>= 113.33.03 < 113.34.00":
  version "113.33.3"
  uid "6d23b0dcb9e72f197fe22eef65204f44"
  resolved "@opam-alpha/re2@113.33.03"
  dependencies:
    "@opam-alpha/bin_prot" ">= 113.33.03 < 113.34.00"
    "@opam-alpha/core_kernel" ">= 113.33.03 < 113.34.00"
    "@opam-alpha/fieldslib" ">= 113.33.03 < 113.34.00"
    "@opam-alpha/js-build-tools" ">= 113.33.04 < 113.34.00"
    "@opam-alpha/ocamlfind" ">= 1.3.2"
    "@opam-alpha/ppx_assert" ">= 113.33.03 < 113.34.00"
    "@opam-alpha/ppx_bench" ">= 113.33.03 < 113.34.00"
    "@opam-alpha/ppx_driver" ">= 113.33.03 < 113.34.00"
    "@opam-alpha/ppx_expect" ">= 113.33.03 < 113.34.00"
    "@opam-alpha/ppx_inline_test" ">= 113.33.03 < 113.34.00"
    "@opam-alpha/ppx_jane" ">= 113.33.03 < 113.34.00"
    "@opam-alpha/sexplib" ">= 113.33.03 < 113.34.00"
    "@opam-alpha/typerep" ">= 113.33.03 < 113.34.00"
    "@opam-alpha/variantslib" ">= 113.33.03 < 113.34.00"
    opam-installer-bin esy-ocaml/opam-installer-bin
    substs esy-ocaml/substs

"@opam-alpha/re@*":
  version "1.7.1"
  uid "0e45743512b7ab5e6b175f955dc72002"
  resolved "@opam-alpha/re@1.7.1"
  dependencies:
    "@opam-alpha/ocamlfind" "*"
    "@opam-alpha/ounit" "*"
    opam-installer-bin esy-ocaml/opam-installer-bin
    substs esy-ocaml/substs

"@opam-alpha/react@*", "@opam-alpha/react@>= 1.0.0":
  version "1.2.0"
  uid f071a1308b6cad131c55cda8677823c3
  resolved "@opam-alpha/react@1.2.0"
  dependencies:
    "@opam-alpha/ocamlfind" "*"
    opam-installer-bin esy-ocaml/opam-installer-bin
    substs esy-ocaml/substs

"@opam-alpha/result@*":
  version "1.2.0"
  uid "3d5b66c5526918f0f2ca9d6811ef09c8"
  resolved "@opam-alpha/result@1.2.0"
  dependencies:
    opam-installer-bin esy-ocaml/opam-installer-bin
    substs esy-ocaml/substs

"@opam-alpha/sexplib@>= 113.33.03 < 113.34.00":
  version "113.33.3"
  uid "739af487f05e0ffd8626e9acb653b33d"
  resolved "@opam-alpha/sexplib@113.33.03"
  dependencies:
    "@opam-alpha/js-build-tools" ">= 113.33.04 < 113.34.00"
    "@opam-alpha/ocamlfind" ">= 1.5.1"
    opam-installer-bin esy-ocaml/opam-installer-bin
    substs esy-ocaml/substs

"@opam-alpha/topkg@*":
  version "0.8.1"
  uid f7c0922d5f9fe698e96804312ec068ed
  resolved "@opam-alpha/topkg@0.8.1"
  dependencies:
    "@opam-alpha/ocamlfind" ">= 1.6.1"
    "@opam-alpha/result" "*"
    opam-installer-bin esy-ocaml/opam-installer-bin
    substs esy-ocaml/substs

"@opam-alpha/typerep@>= 113.33.03 < 113.34.00":
  version "113.33.3"
  uid "8a1ace5ff29e625d6f1f513a4de24dec"
  resolved "@opam-alpha/typerep@113.33.03"
  dependencies:
    "@opam-alpha/js-build-tools" ">= 113.33.04 < 113.34.00"
    "@opam-alpha/ocamlfind" ">= 1.3.2"
    opam-installer-bin esy-ocaml/opam-installer-bin
    substs esy-ocaml/substs

"@opam-alpha/utop@*":
  version "1.19.3"
  uid "280f9a1062c53be8bae41cfd57ce29dd"
  resolved "@opam-alpha/utop@1.19.3"
  dependencies:
    "@opam-alpha/cppo" ">= 1.1.2"
    "@opam-alpha/lambda-term" ">= 1.9.0"
    "@opam-alpha/lwt" "*"
    "@opam-alpha/ocamlfind" ">= 1.5.6"
    "@opam-alpha/react" ">= 1.0.0"
    opam-installer-bin esy-ocaml/opam-installer-bin
    substs esy-ocaml/substs

"@opam-alpha/variantslib@>= 113.33.03 < 113.34.00":
  version "113.33.3"
  uid f8e9d6362f6dd0ba92ee706e584d4790
  resolved "@opam-alpha/variantslib@113.33.03"
  dependencies:
    "@opam-alpha/js-build-tools" ">= 113.33.04 < 113.34.00"
    "@opam-alpha/ocamlfind" ">= 1.3.2"
    opam-installer-bin esy-ocaml/opam-installer-bin
    substs esy-ocaml/substs

"@opam-alpha/yojson@*":
  version "1.3.3"
  uid "00686983d44b2a3f3bd61e95f1d44c3c"
  resolved "@opam-alpha/yojson@1.3.3"
  dependencies:
    "@opam-alpha/biniou" ">= 1.0.6"
    "@opam-alpha/cppo" "*"
    "@opam-alpha/easy-format" "*"
    "@opam-alpha/ocamlfind" "*"
    opam-installer-bin esy-ocaml/opam-installer-bin
    substs esy-ocaml/substs

"@opam-alpha/zed@>= 1.2.0":
  version "1.4.0"
  uid "47661250ed1b3e12c886d19c1a019675"
  resolved "@opam-alpha/zed@1.4.0"
  dependencies:
    "@opam-alpha/camomile" ">= 0.8.0"
    "@opam-alpha/ocamlfind" "*"
    "@opam-alpha/react" "*"
    opam-installer-bin esy-ocaml/opam-installer-bin
    substs esy-ocaml/substs

bs-platform@esy-ocaml/bucklescript#esy, "bs-platform@github:esy-ocaml/bucklescript#esy":
  version "1.4.3"
  resolved "https://codeload.github.com/esy-ocaml/bucklescript/tar.gz/6b4dcab9568d02432738af94d5936ddbca0b9266"
  dependencies:
    ninja-build-system reasonml/ninja.git#v1.7.2-esy
    ocaml esy-ocaml/ocaml#esy

js_of_ocaml-bin@esy-ocaml/js_of_ocaml-bin#esy:
  version "2.8.1"
  resolved "https://codeload.github.com/esy-ocaml/js_of_ocaml-bin/tar.gz/fdbebb1a9e4f369bbb824114224b7e447aa6b556"
  dependencies:
    "@opam-alpha/ocamlfind" "*"

libffi@reasonml/libffi#esy:
  version "3.2.10"
  resolved "https://codeload.github.com/reasonml/libffi/tar.gz/6f64a9b1984391ddb3965f73bdaa52c4675d3aa3"

ninja-build-system@reasonml/ninja.git#v1.7.2-esy:
  version "1.7.2"
  resolved "https://codeload.github.com/reasonml/ninja/tar.gz/248670ea19dad30b697694408c04528cc22e5191"

ocaml@esy-ocaml/ocaml#esy:
  version "4.2.3"
  resolved "https://codeload.github.com/esy-ocaml/ocaml/tar.gz/88ae14f699795f2e4f6002156e24d77278cb8797"

ocamlBetterErrors@esy-ocaml/BetterErrors#esy:
  version "0.1.0"
  resolved "https://codeload.github.com/esy-ocaml/BetterErrors/tar.gz/3426a07fdb66494a4ab1433994729c3a2650465a"
  dependencies:
    "@opam-alpha/re" "*"
    reason facebook/reason#esy

opam-installer-bin@esy-ocaml/opam-installer-bin:
  version "0.0.0"
  resolved "https://codeload.github.com/esy-ocaml/opam-installer-bin/tar.gz/5abc0103b33bca9936c5a5cd1d3e69c0085e39a6"

reason@facebook/reason#esy, "reason@github:facebook/reason#esy":
  version "1.7.4"
  resolved "https://codeload.github.com/facebook/reason/tar.gz/df0ea2e97913a58a0d55b3e800517349603b81c5"
  dependencies:
    "@opam-alpha/menhir" ">= 20160303.0.0"
    "@opam-alpha/merlin-extend" "^ 0.3.0"
    "@opam-alpha/ocamlfind" "*"
    "@opam-alpha/utop" "*"
    ocaml esy-ocaml/ocaml#esy
    opam-installer-bin esy-ocaml/opam-installer-bin

rebel@bsansouci/rebel#esy, "rebel@github:bsansouci/rebel#esy":
  version "0.0.23"
  resolved "https://codeload.github.com/bsansouci/rebel/tar.gz/1bcc15c6d0213260cea3e33e068423d98ece79f6"
  dependencies:
    "@opam-alpha/jenga" "*"
    "@opam-alpha/ocamlfind" "*"
    "@opam-alpha/yojson" "*"
    bs-platform esy-ocaml/bucklescript#esy
    js_of_ocaml-bin esy-ocaml/js_of_ocaml-bin#esy
    ocamlBetterErrors esy-ocaml/BetterErrors#esy
    reason facebook/reason#esy

reglinterface@*, reglinterface@^0.1.19:
  version "0.1.19"
  resolved "https://registry.yarnpkg.com/reglinterface/-/reglinterface-0.1.19.tgz#f292e38f21f71b297a925cba9d14c516b7b3eefd"
  dependencies:
    reason facebook/reason#esy

reglnative@*:
  version "0.1.19"
  resolved "https://registry.yarnpkg.com/reglnative/-/reglnative-0.1.19.tgz#a5dbb6501a01925fd701b6bdb8c6818416279041"
  dependencies:
    "@opam-alpha/topkg" "*"
    reason facebook/reason#esy
    rebel bsansouci/rebel#esy
    reglinterface "^0.1.19"
    tgls-actual bsansouci/tgls#esy
    tsdl-actual bsansouci/tsdl#esy

reglweb@*:
  version "0.1.19"
  resolved "https://registry.yarnpkg.com/reglweb/-/reglweb-0.1.19.tgz#5acfd34c6f5b13e8bda863b9a39bb7927026ddbf"
  dependencies:
    bs-platform esy-ocaml/bucklescript#esy
    reason facebook/reason#esy
    rebel bsansouci/rebel#esy
    reglinterface "^0.1.19"

sdl2@bsansouci/SDL-mirror#esy:
  version "2.0.5"
  resolved "https://codeload.github.com/bsansouci/SDL-mirror/tar.gz/a50640c7585246ca4c75215f47c8ea351ff4b368"

substs@esy-ocaml/substs:
  version "0.0.1"
  resolved "https://codeload.github.com/esy-ocaml/substs/tar.gz/58b2f5fafbd675665a5a46ef3d142e8e505d2042"

"tgls-actual@github:bsansouci/tgls#esy":
  version "0.8.4"
  resolved "https://codeload.github.com/bsansouci/tgls/tar.gz/013713b9f173f107c4fdd6465a360399cb4947f4"
  dependencies:
    "@opam-alpha/ctypes" ">= 0.4.0"
    "@opam-alpha/ctypes-foreign" "*"
    "@opam-alpha/ocamlbuild" "*"
    "@opam-alpha/ocamlfind" "*"
    "@opam-alpha/result" "*"
    "@opam-alpha/topkg" "*"
    opam-installer-bin esy-ocaml/opam-installer-bin
    substs esy-ocaml/substs
    tsdl-actual bsansouci/tsdl#esy

tsdl-actual@bsansouci/tsdl#esy, "tsdl-actual@github:bsansouci/tsdl#esy":
  version "0.9.1"
  resolved "https://codeload.github.com/bsansouci/tsdl/tar.gz/2b189a6f83c2041bf633582766c4e0ed89da6480"
  dependencies:
    "@opam-alpha/ctypes" ">= 0.9.0"
    "@opam-alpha/ctypes-foreign" "*"
    "@opam-alpha/ocamlbuild" "*"
    "@opam-alpha/ocamlfind" "*"
    "@opam-alpha/result" "*"
    "@opam-alpha/topkg" "*"
    opam-installer-bin esy-ocaml/opam-installer-bin
    sdl2 bsansouci/SDL-mirror#esy
    substs esy-ocaml/substs

yarn-pkg-config@reasonml/yarn-pkg-config#esy:
  version "0.29.5"
  resolved "https://codeload.github.com/reasonml/yarn-pkg-config/tar.gz/e4f3d2fa5ed59d5239c1d0c8edbee151d5e0e4f4"
